// !$*UTF8*$!
{
	archiveVersion = 1;
	classes = {
	};
	objectVersion = 51;
	objects = {

/* Begin PBXBuildFile section */
		420DDA562322679900E5BA38 /* AppDelegate.swift in Sources */ = {isa = PBXBuildFile; fileRef = 420DDA552322679900E5BA38 /* AppDelegate.swift */; };
		420DDA5B2322679900E5BA38 /* Main.storyboard in Resources */ = {isa = PBXBuildFile; fileRef = 420DDA592322679900E5BA38 /* Main.storyboard */; };
		420DDA5D2322679B00E5BA38 /* Assets.xcassets in Resources */ = {isa = PBXBuildFile; fileRef = 420DDA5C2322679B00E5BA38 /* Assets.xcassets */; };
		420DDA602322679B00E5BA38 /* LaunchScreen.storyboard in Resources */ = {isa = PBXBuildFile; fileRef = 420DDA5E2322679B00E5BA38 /* LaunchScreen.storyboard */; };
		42912D4C2379155F00A5A21B /* RootViewController.swift in Sources */ = {isa = PBXBuildFile; fileRef = 42912D4B2379155F00A5A21B /* RootViewController.swift */; };
		42912D4E2379176100A5A21B /* ExpandViewController.swift in Sources */ = {isa = PBXBuildFile; fileRef = 42912D4D2379176100A5A21B /* ExpandViewController.swift */; };
		42912D50237919C700A5A21B /* TableViewCell_checkbox.swift in Sources */ = {isa = PBXBuildFile; fileRef = 42912D4F237919C700A5A21B /* TableViewCell_checkbox.swift */; };
		42BFAFE8237A5D1C00F7DDF2 /* Models.swift in Sources */ = {isa = PBXBuildFile; fileRef = 42BFAFE7237A5D1C00F7DDF2 /* Models.swift */; };
		42BFAFEB237A692E00F7DDF2 /* UIColor+Extension.swift in Sources */ = {isa = PBXBuildFile; fileRef = 42BFAFEA237A692E00F7DDF2 /* UIColor+Extension.swift */; };
		42BFAFF1237A9CAD00F7DDF2 /* ExpandHeader.swift in Sources */ = {isa = PBXBuildFile; fileRef = 42BFAFF0237A9CAD00F7DDF2 /* ExpandHeader.swift */; };
		42C34CEB23BAE98400A3366B /* TableViewCell_block.swift in Sources */ = {isa = PBXBuildFile; fileRef = 42C34CE823BAE98400A3366B /* TableViewCell_block.swift */; };
		42C34CEC23BAE98400A3366B /* TableViewCell_tag.swift in Sources */ = {isa = PBXBuildFile; fileRef = 42C34CE923BAE98400A3366B /* TableViewCell_tag.swift */; };
		42C34CED23BAE98400A3366B /* TableViewCell_delegate.swift in Sources */ = {isa = PBXBuildFile; fileRef = 42C34CEA23BAE98400A3366B /* TableViewCell_delegate.swift */; };
		42C34CF323BAE9AC00A3366B /* ViewController_Delegate.swift in Sources */ = {isa = PBXBuildFile; fileRef = 42C34CEE23BAE9AC00A3366B /* ViewController_Delegate.swift */; };
		42C34CF423BAE9AC00A3366B /* ViewController_Tag.swift in Sources */ = {isa = PBXBuildFile; fileRef = 42C34CEF23BAE9AC00A3366B /* ViewController_Tag.swift */; };
		42C34CF523BAE9AC00A3366B /* SecViewController.swift in Sources */ = {isa = PBXBuildFile; fileRef = 42C34CF023BAE9AC00A3366B /* SecViewController.swift */; };
		42C34CF623BAE9AC00A3366B /* CellWithButtonTableViewController.swift in Sources */ = {isa = PBXBuildFile; fileRef = 42C34CF123BAE9AC00A3366B /* CellWithButtonTableViewController.swift */; };
		42C34CF723BAE9AC00A3366B /* ViewController_Block.swift in Sources */ = {isa = PBXBuildFile; fileRef = 42C34CF223BAE9AC00A3366B /* ViewController_Block.swift */; };
		42C34CFA23BAEB1100A3366B /* CellWithTextFieldTableViewController.swift in Sources */ = {isa = PBXBuildFile; fileRef = 42C34CF923BAEB1100A3366B /* CellWithTextFieldTableViewController.swift */; };
		42C34CFC23BAEBEB00A3366B /* ReuseableCell+Extension.swift in Sources */ = {isa = PBXBuildFile; fileRef = 42C34CFB23BAEBEB00A3366B /* ReuseableCell+Extension.swift */; };
		42C34CFF23BAF3E100A3366B /* TableViewCell_textField.swift in Sources */ = {isa = PBXBuildFile; fileRef = 42C34CFE23BAF3E100A3366B /* TableViewCell_textField.swift */; };
		49C0BB7B23EDB18600F0A925 /* ExpandAndCheckBoxViewModel.swift in Sources */ = {isa = PBXBuildFile; fileRef = 49C0BB7A23EDB18600F0A925 /* ExpandAndCheckBoxViewModel.swift */; };
		EC5AAAFD3F0AAB03E58821B1 /* Pods_cellWithButton.framework in Frameworks */ = {isa = PBXBuildFile; fileRef = 8167C3665750A0EA0C6484C1 /* Pods_cellWithButton.framework */; };
/* End PBXBuildFile section */

/* Begin PBXFileReference section */
		420DDA522322679900E5BA38 /* iOS Demo.app */ = {isa = PBXFileReference; explicitFileType = wrapper.application; includeInIndex = 0; path = "iOS Demo.app"; sourceTree = BUILT_PRODUCTS_DIR; };
		420DDA552322679900E5BA38 /* AppDelegate.swift */ = {isa = PBXFileReference; lastKnownFileType = sourcecode.swift; path = AppDelegate.swift; sourceTree = "<group>"; };
		420DDA5A2322679900E5BA38 /* Base */ = {isa = PBXFileReference; lastKnownFileType = file.storyboard; name = Base; path = Base.lproj/Main.storyboard; sourceTree = "<group>"; };
		420DDA5C2322679B00E5BA38 /* Assets.xcassets */ = {isa = PBXFileReference; lastKnownFileType = folder.assetcatalog; path = Assets.xcassets; sourceTree = "<group>"; };
		420DDA5F2322679B00E5BA38 /* Base */ = {isa = PBXFileReference; lastKnownFileType = file.storyboard; name = Base; path = Base.lproj/LaunchScreen.storyboard; sourceTree = "<group>"; };
		420DDA612322679B00E5BA38 /* Info.plist */ = {isa = PBXFileReference; lastKnownFileType = text.plist.xml; path = Info.plist; sourceTree = "<group>"; };
		42912D4B2379155F00A5A21B /* RootViewController.swift */ = {isa = PBXFileReference; lastKnownFileType = sourcecode.swift; path = RootViewController.swift; sourceTree = "<group>"; };
		42912D4D2379176100A5A21B /* ExpandViewController.swift */ = {isa = PBXFileReference; lastKnownFileType = sourcecode.swift; path = ExpandViewController.swift; sourceTree = "<group>"; };
		42912D4F237919C700A5A21B /* TableViewCell_checkbox.swift */ = {isa = PBXFileReference; lastKnownFileType = sourcecode.swift; path = TableViewCell_checkbox.swift; sourceTree = "<group>"; };
		42BFAFE7237A5D1C00F7DDF2 /* Models.swift */ = {isa = PBXFileReference; lastKnownFileType = sourcecode.swift; path = Models.swift; sourceTree = "<group>"; };
		42BFAFEA237A692E00F7DDF2 /* UIColor+Extension.swift */ = {isa = PBXFileReference; lastKnownFileType = sourcecode.swift; path = "UIColor+Extension.swift"; sourceTree = "<group>"; };
		42BFAFF0237A9CAD00F7DDF2 /* ExpandHeader.swift */ = {isa = PBXFileReference; lastKnownFileType = sourcecode.swift; path = ExpandHeader.swift; sourceTree = "<group>"; };
		42C34CE823BAE98400A3366B /* TableViewCell_block.swift */ = {isa = PBXFileReference; fileEncoding = 4; lastKnownFileType = sourcecode.swift; path = TableViewCell_block.swift; sourceTree = "<group>"; };
		42C34CE923BAE98400A3366B /* TableViewCell_tag.swift */ = {isa = PBXFileReference; fileEncoding = 4; lastKnownFileType = sourcecode.swift; path = TableViewCell_tag.swift; sourceTree = "<group>"; };
		42C34CEA23BAE98400A3366B /* TableViewCell_delegate.swift */ = {isa = PBXFileReference; fileEncoding = 4; lastKnownFileType = sourcecode.swift; path = TableViewCell_delegate.swift; sourceTree = "<group>"; };
		42C34CEE23BAE9AC00A3366B /* ViewController_Delegate.swift */ = {isa = PBXFileReference; fileEncoding = 4; lastKnownFileType = sourcecode.swift; path = ViewController_Delegate.swift; sourceTree = "<group>"; };
		42C34CEF23BAE9AC00A3366B /* ViewController_Tag.swift */ = {isa = PBXFileReference; fileEncoding = 4; lastKnownFileType = sourcecode.swift; path = ViewController_Tag.swift; sourceTree = "<group>"; };
		42C34CF023BAE9AC00A3366B /* SecViewController.swift */ = {isa = PBXFileReference; fileEncoding = 4; lastKnownFileType = sourcecode.swift; path = SecViewController.swift; sourceTree = "<group>"; };
		42C34CF123BAE9AC00A3366B /* CellWithButtonTableViewController.swift */ = {isa = PBXFileReference; fileEncoding = 4; lastKnownFileType = sourcecode.swift; path = CellWithButtonTableViewController.swift; sourceTree = "<group>"; };
		42C34CF223BAE9AC00A3366B /* ViewController_Block.swift */ = {isa = PBXFileReference; fileEncoding = 4; lastKnownFileType = sourcecode.swift; path = ViewController_Block.swift; sourceTree = "<group>"; };
		42C34CF923BAEB1100A3366B /* CellWithTextFieldTableViewController.swift */ = {isa = PBXFileReference; lastKnownFileType = sourcecode.swift; path = CellWithTextFieldTableViewController.swift; sourceTree = "<group>"; };
		42C34CFB23BAEBEB00A3366B /* ReuseableCell+Extension.swift */ = {isa = PBXFileReference; lastKnownFileType = sourcecode.swift; path = "ReuseableCell+Extension.swift"; sourceTree = "<group>"; };
		42C34CFE23BAF3E100A3366B /* TableViewCell_textField.swift */ = {isa = PBXFileReference; lastKnownFileType = sourcecode.swift; path = TableViewCell_textField.swift; sourceTree = "<group>"; };
		49C0BB7A23EDB18600F0A925 /* ExpandAndCheckBoxViewModel.swift */ = {isa = PBXFileReference; lastKnownFileType = sourcecode.swift; path = ExpandAndCheckBoxViewModel.swift; sourceTree = "<group>"; };
		8167C3665750A0EA0C6484C1 /* Pods_cellWithButton.framework */ = {isa = PBXFileReference; explicitFileType = wrapper.framework; includeInIndex = 0; path = Pods_cellWithButton.framework; sourceTree = BUILT_PRODUCTS_DIR; };
		8AF5F74EC47D921650E501C4 /* Pods-cellWithButton.debug.xcconfig */ = {isa = PBXFileReference; includeInIndex = 1; lastKnownFileType = text.xcconfig; name = "Pods-cellWithButton.debug.xcconfig"; path = "Target Support Files/Pods-cellWithButton/Pods-cellWithButton.debug.xcconfig"; sourceTree = "<group>"; };
		8E728D00A4FB7A402C961D34 /* Pods-cellWithButton.release.xcconfig */ = {isa = PBXFileReference; includeInIndex = 1; lastKnownFileType = text.xcconfig; name = "Pods-cellWithButton.release.xcconfig"; path = "Target Support Files/Pods-cellWithButton/Pods-cellWithButton.release.xcconfig"; sourceTree = "<group>"; };
/* End PBXFileReference section */

/* Begin PBXFrameworksBuildPhase section */
		420DDA4F2322679900E5BA38 /* Frameworks */ = {
			isa = PBXFrameworksBuildPhase;
			buildActionMask = 2147483647;
			files = (
				EC5AAAFD3F0AAB03E58821B1 /* Pods_cellWithButton.framework in Frameworks */,
			);
			runOnlyForDeploymentPostprocessing = 0;
		};
/* End PBXFrameworksBuildPhase section */

/* Begin PBXGroup section */
		06356E97ABBD8764C54F0822 /* Pods */ = {
			isa = PBXGroup;
			children = (
				8AF5F74EC47D921650E501C4 /* Pods-cellWithButton.debug.xcconfig */,
				8E728D00A4FB7A402C961D34 /* Pods-cellWithButton.release.xcconfig */,
			);
			path = Pods;
			sourceTree = "<group>";
		};
		420DDA492322679900E5BA38 = {
			isa = PBXGroup;
			children = (
				420DDA542322679900E5BA38 /* cellWithButton */,
				420DDA532322679900E5BA38 /* Products */,
				06356E97ABBD8764C54F0822 /* Pods */,
				E1F9C6752849BF0572CA49F7 /* Frameworks */,
			);
			sourceTree = "<group>";
		};
		420DDA532322679900E5BA38 /* Products */ = {
			isa = PBXGroup;
			children = (
				420DDA522322679900E5BA38 /* iOS Demo.app */,
			);
			name = Products;
			sourceTree = "<group>";
		};
		420DDA542322679900E5BA38 /* cellWithButton */ = {
			isa = PBXGroup;
			children = (
				42D64E9D23D85306000FED93 /* Cell with textField */,
				42D64E9C23D852EA000FED93 /* Extension */,
				42D64E9923D8513A000FED93 /* Cell with button */,
				42D64E9523D850E6000FED93 /* Expand section and cell with checkbox */,
				42912D4B2379155F00A5A21B /* RootViewController.swift */,
				420DDA552322679900E5BA38 /* AppDelegate.swift */,
				420DDA592322679900E5BA38 /* Main.storyboard */,
				420DDA5C2322679B00E5BA38 /* Assets.xcassets */,
				420DDA5E2322679B00E5BA38 /* LaunchScreen.storyboard */,
				420DDA612322679B00E5BA38 /* Info.plist */,
			);
			path = cellWithButton;
			sourceTree = "<group>";
		};
		42D64E9523D850E6000FED93 /* Expand section and cell with checkbox */ = {
			isa = PBXGroup;
			children = (
				49C0BB7923EDB16500F0A925 /* ViewModel */,
				42D64E9823D850F9000FED93 /* Model */,
				42D64E9723D850F3000FED93 /* Controllers */,
				42D64E9623D850EC000FED93 /* Views */,
			);
			path = "Expand section and cell with checkbox";
			sourceTree = "<group>";
		};
		42D64E9623D850EC000FED93 /* Views */ = {
			isa = PBXGroup;
			children = (
				42912D4F237919C700A5A21B /* TableViewCell_checkbox.swift */,
				42BFAFF0237A9CAD00F7DDF2 /* ExpandHeader.swift */,
			);
			path = Views;
			sourceTree = "<group>";
		};
		42D64E9723D850F3000FED93 /* Controllers */ = {
			isa = PBXGroup;
			children = (
				42912D4D2379176100A5A21B /* ExpandViewController.swift */,
			);
			path = Controllers;
			sourceTree = "<group>";
		};
		42D64E9823D850F9000FED93 /* Model */ = {
			isa = PBXGroup;
			children = (
				42BFAFE7237A5D1C00F7DDF2 /* Models.swift */,
			);
			path = Model;
			sourceTree = "<group>";
		};
		42D64E9923D8513A000FED93 /* Cell with button */ = {
			isa = PBXGroup;
			children = (
				42D64E9B23D85145000FED93 /* Controllers */,
				42D64E9A23D85140000FED93 /* Views */,
			);
			path = "Cell with button";
			sourceTree = "<group>";
		};
		42D64E9A23D85140000FED93 /* Views */ = {
			isa = PBXGroup;
			children = (
				42C34CE823BAE98400A3366B /* TableViewCell_block.swift */,
				42C34CEA23BAE98400A3366B /* TableViewCell_delegate.swift */,
				42C34CE923BAE98400A3366B /* TableViewCell_tag.swift */,
			);
			path = Views;
			sourceTree = "<group>";
		};
		42D64E9B23D85145000FED93 /* Controllers */ = {
			isa = PBXGroup;
			children = (
				42C34CF123BAE9AC00A3366B /* CellWithButtonTableViewController.swift */,
				42C34CF023BAE9AC00A3366B /* SecViewController.swift */,
				42C34CF223BAE9AC00A3366B /* ViewController_Block.swift */,
				42C34CEE23BAE9AC00A3366B /* ViewController_Delegate.swift */,
				42C34CEF23BAE9AC00A3366B /* ViewController_Tag.swift */,
			);
			path = Controllers;
			sourceTree = "<group>";
		};
		42D64E9C23D852EA000FED93 /* Extension */ = {
			isa = PBXGroup;
			children = (
				42BFAFEA237A692E00F7DDF2 /* UIColor+Extension.swift */,
				42C34CFB23BAEBEB00A3366B /* ReuseableCell+Extension.swift */,
			);
			path = Extension;
			sourceTree = "<group>";
		};
		42D64E9D23D85306000FED93 /* Cell with textField */ = {
			isa = PBXGroup;
			children = (
				42D64E9F23D8531A000FED93 /* Views */,
				42D64E9E23D8530C000FED93 /* Controllers */,
			);
			path = "Cell with textField";
			sourceTree = "<group>";
		};
		42D64E9E23D8530C000FED93 /* Controllers */ = {
			isa = PBXGroup;
			children = (
				42C34CF923BAEB1100A3366B /* CellWithTextFieldTableViewController.swift */,
			);
			path = Controllers;
			sourceTree = "<group>";
		};
		42D64E9F23D8531A000FED93 /* Views */ = {
			isa = PBXGroup;
			children = (
				42C34CFE23BAF3E100A3366B /* TableViewCell_textField.swift */,
			);
			path = Views;
			sourceTree = "<group>";
		};
		49C0BB7923EDB16500F0A925 /* ViewModel */ = {
			isa = PBXGroup;
			children = (
				49C0BB7A23EDB18600F0A925 /* ExpandAndCheckBoxViewModel.swift */,
			);
			path = ViewModel;
			sourceTree = "<group>";
		};
		E1F9C6752849BF0572CA49F7 /* Frameworks */ = {
			isa = PBXGroup;
			children = (
				8167C3665750A0EA0C6484C1 /* Pods_cellWithButton.framework */,
			);
			name = Frameworks;
			sourceTree = "<group>";
		};
/* End PBXGroup section */

/* Begin PBXNativeTarget section */
		420DDA512322679900E5BA38 /* cellWithButton */ = {
			isa = PBXNativeTarget;
			buildConfigurationList = 420DDA642322679B00E5BA38 /* Build configuration list for PBXNativeTarget "cellWithButton" */;
			buildPhases = (
				1822C1C1EFAD8EA955E18BBD /* [CP] Check Pods Manifest.lock */,
				420DDA4E2322679900E5BA38 /* Sources */,
				420DDA4F2322679900E5BA38 /* Frameworks */,
				420DDA502322679900E5BA38 /* Resources */,
				9EE9A2722FD79E059B66DCDB /* [CP] Embed Pods Frameworks */,
			);
			buildRules = (
			);
			dependencies = (
			);
			name = cellWithButton;
			productName = cellWithButton;
			productReference = 420DDA522322679900E5BA38 /* iOS Demo.app */;
			productType = "com.apple.product-type.application";
		};
/* End PBXNativeTarget section */

/* Begin PBXProject section */
		420DDA4A2322679900E5BA38 /* Project object */ = {
			isa = PBXProject;
			attributes = {
				LastSwiftUpdateCheck = 1020;
				LastUpgradeCheck = 1020;
				ORGANIZATIONNAME = kary;
				TargetAttributes = {
					420DDA512322679900E5BA38 = {
						CreatedOnToolsVersion = 10.2.1;
					};
				};
			};
			buildConfigurationList = 420DDA4D2322679900E5BA38 /* Build configuration list for PBXProject "cellWithButton" */;
			compatibilityVersion = "Xcode 9.3";
			developmentRegion = en;
			hasScannedForEncodings = 0;
			knownRegions = (
				en,
				Base,
			);
			mainGroup = 420DDA492322679900E5BA38;
			productRefGroup = 420DDA532322679900E5BA38 /* Products */;
			projectDirPath = "";
			projectRoot = "";
			targets = (
				420DDA512322679900E5BA38 /* cellWithButton */,
			);
		};
/* End PBXProject section */

/* Begin PBXResourcesBuildPhase section */
		420DDA502322679900E5BA38 /* Resources */ = {
			isa = PBXResourcesBuildPhase;
			buildActionMask = 2147483647;
			files = (
				420DDA602322679B00E5BA38 /* LaunchScreen.storyboard in Resources */,
				420DDA5D2322679B00E5BA38 /* Assets.xcassets in Resources */,
				420DDA5B2322679900E5BA38 /* Main.storyboard in Resources */,
			);
			runOnlyForDeploymentPostprocessing = 0;
		};
/* End PBXResourcesBuildPhase section */

/* Begin PBXShellScriptBuildPhase section */
		1822C1C1EFAD8EA955E18BBD /* [CP] Check Pods Manifest.lock */ = {
			isa = PBXShellScriptBuildPhase;
			buildActionMask = 2147483647;
			files = (
			);
			inputFileListPaths = (
			);
			inputPaths = (
				"${PODS_PODFILE_DIR_PATH}/Podfile.lock",
				"${PODS_ROOT}/Manifest.lock",
			);
			name = "[CP] Check Pods Manifest.lock";
			outputFileListPaths = (
			);
			outputPaths = (
				"$(DERIVED_FILE_DIR)/Pods-cellWithButton-checkManifestLockResult.txt",
			);
			runOnlyForDeploymentPostprocessing = 0;
			shellPath = /bin/sh;
			shellScript = "diff \"${PODS_PODFILE_DIR_PATH}/Podfile.lock\" \"${PODS_ROOT}/Manifest.lock\" > /dev/null\nif [ $? != 0 ] ; then\n    # print error to STDERR\n    echo \"error: The sandbox is not in sync with the Podfile.lock. Run 'pod install' or update your CocoaPods installation.\" >&2\n    exit 1\nfi\n# This output is used by Xcode 'outputs' to avoid re-running this script phase.\necho \"SUCCESS\" > \"${SCRIPT_OUTPUT_FILE_0}\"\n";
			showEnvVarsInLog = 0;
		};
		9EE9A2722FD79E059B66DCDB /* [CP] Embed Pods Frameworks */ = {
			isa = PBXShellScriptBuildPhase;
			buildActionMask = 2147483647;
			files = (
			);
			inputFileListPaths = (
				"${PODS_ROOT}/Target Support Files/Pods-cellWithButton/Pods-cellWithButton-frameworks-${CONFIGURATION}-input-files.xcfilelist",
			);
			name = "[CP] Embed Pods Frameworks";
			outputFileListPaths = (
				"${PODS_ROOT}/Target Support Files/Pods-cellWithButton/Pods-cellWithButton-frameworks-${CONFIGURATION}-output-files.xcfilelist",
			);
			runOnlyForDeploymentPostprocessing = 0;
			shellPath = /bin/sh;
			shellScript = "\"${PODS_ROOT}/Target Support Files/Pods-cellWithButton/Pods-cellWithButton-frameworks.sh\"\n";
			showEnvVarsInLog = 0;
		};
/* End PBXShellScriptBuildPhase section */

/* Begin PBXSourcesBuildPhase section */
		420DDA4E2322679900E5BA38 /* Sources */ = {
			isa = PBXSourcesBuildPhase;
			buildActionMask = 2147483647;
			files = (
				42BFAFF1237A9CAD00F7DDF2 /* ExpandHeader.swift in Sources */,
				42C34CFA23BAEB1100A3366B /* CellWithTextFieldTableViewController.swift in Sources */,
				42C34CEB23BAE98400A3366B /* TableViewCell_block.swift in Sources */,
				42912D4E2379176100A5A21B /* ExpandViewController.swift in Sources */,
				42912D4C2379155F00A5A21B /* RootViewController.swift in Sources */,
				42912D50237919C700A5A21B /* TableViewCell_checkbox.swift in Sources */,
				42C34CF423BAE9AC00A3366B /* ViewController_Tag.swift in Sources */,
				42C34CF523BAE9AC00A3366B /* SecViewController.swift in Sources */,
				42BFAFEB237A692E00F7DDF2 /* UIColor+Extension.swift in Sources */,
				42C34CED23BAE98400A3366B /* TableViewCell_delegate.swift in Sources */,
				49C0BB7B23EDB18600F0A925 /* ExpandAndCheckBoxViewModel.swift in Sources */,
				42C34CF623BAE9AC00A3366B /* CellWithButtonTableViewController.swift in Sources */,
				42C34CF323BAE9AC00A3366B /* ViewController_Delegate.swift in Sources */,
				42C34CF723BAE9AC00A3366B /* ViewController_Block.swift in Sources */,
				42BFAFE8237A5D1C00F7DDF2 /* Models.swift in Sources */,
				42C34CFC23BAEBEB00A3366B /* ReuseableCell+Extension.swift in Sources */,
				42C34CFF23BAF3E100A3366B /* TableViewCell_textField.swift in Sources */,
				42C34CEC23BAE98400A3366B /* TableViewCell_tag.swift in Sources */,
				420DDA562322679900E5BA38 /* AppDelegate.swift in Sources */,
			);
			runOnlyForDeploymentPostprocessing = 0;
		};
/* End PBXSourcesBuildPhase section */

/* Begin PBXVariantGroup section */
		420DDA592322679900E5BA38 /* Main.storyboard */ = {
			isa = PBXVariantGroup;
			children = (
				420DDA5A2322679900E5BA38 /* Base */,
			);
			name = Main.storyboard;
			sourceTree = "<group>";
		};
		420DDA5E2322679B00E5BA38 /* LaunchScreen.storyboard */ = {
			isa = PBXVariantGroup;
			children = (
				420DDA5F2322679B00E5BA38 /* Base */,
			);
			name = LaunchScreen.storyboard;
			sourceTree = "<group>";
		};
/* End PBXVariantGroup section */

/* Begin XCBuildConfiguration section */
		420DDA622322679B00E5BA38 /* Debug */ = {
			isa = XCBuildConfiguration;
			buildSettings = {
				ALWAYS_SEARCH_USER_PATHS = NO;
				CLANG_ANALYZER_NONNULL = YES;
				CLANG_ANALYZER_NUMBER_OBJECT_CONVERSION = YES_AGGRESSIVE;
				CLANG_CXX_LANGUAGE_STANDARD = "gnu++14";
				CLANG_CXX_LIBRARY = "libc++";
				CLANG_ENABLE_MODULES = YES;
				CLANG_ENABLE_OBJC_ARC = YES;
				CLANG_ENABLE_OBJC_WEAK = YES;
				CLANG_WARN_BLOCK_CAPTURE_AUTORELEASING = YES;
				CLANG_WARN_BOOL_CONVERSION = YES;
				CLANG_WARN_COMMA = YES;
				CLANG_WARN_CONSTANT_CONVERSION = YES;
				CLANG_WARN_DEPRECATED_OBJC_IMPLEMENTATIONS = YES;
				CLANG_WARN_DIRECT_OBJC_ISA_USAGE = YES_ERROR;
				CLANG_WARN_DOCUMENTATION_COMMENTS = YES;
				CLANG_WARN_EMPTY_BODY = YES;
				CLANG_WARN_ENUM_CONVERSION = YES;
				CLANG_WARN_INFINITE_RECURSION = YES;
				CLANG_WARN_INT_CONVERSION = YES;
				CLANG_WARN_NON_LITERAL_NULL_CONVERSION = YES;
				CLANG_WARN_OBJC_IMPLICIT_RETAIN_SELF = YES;
				CLANG_WARN_OBJC_LITERAL_CONVERSION = YES;
				CLANG_WARN_OBJC_ROOT_CLASS = YES_ERROR;
				CLANG_WARN_RANGE_LOOP_ANALYSIS = YES;
				CLANG_WARN_STRICT_PROTOTYPES = YES;
				CLANG_WARN_SUSPICIOUS_MOVE = YES;
				CLANG_WARN_UNGUARDED_AVAILABILITY = YES_AGGRESSIVE;
				CLANG_WARN_UNREACHABLE_CODE = YES;
				CLANG_WARN__DUPLICATE_METHOD_MATCH = YES;
				CODE_SIGN_IDENTITY = "iPhone Developer";
				COPY_PHASE_STRIP = NO;
				DEBUG_INFORMATION_FORMAT = dwarf;
				ENABLE_STRICT_OBJC_MSGSEND = YES;
				ENABLE_TESTABILITY = YES;
				GCC_C_LANGUAGE_STANDARD = gnu11;
				GCC_DYNAMIC_NO_PIC = NO;
				GCC_NO_COMMON_BLOCKS = YES;
				GCC_OPTIMIZATION_LEVEL = 0;
				GCC_PREPROCESSOR_DEFINITIONS = (
					"DEBUG=1",
					"$(inherited)",
				);
				GCC_WARN_64_TO_32_BIT_CONVERSION = YES;
				GCC_WARN_ABOUT_RETURN_TYPE = YES_ERROR;
				GCC_WARN_UNDECLARED_SELECTOR = YES;
				GCC_WARN_UNINITIALIZED_AUTOS = YES_AGGRESSIVE;
				GCC_WARN_UNUSED_FUNCTION = YES;
				GCC_WARN_UNUSED_VARIABLE = YES;
				IPHONEOS_DEPLOYMENT_TARGET = 12.2;
				MTL_ENABLE_DEBUG_INFO = INCLUDE_SOURCE;
				MTL_FAST_MATH = YES;
				ONLY_ACTIVE_ARCH = YES;
				SDKROOT = iphoneos;
				SWIFT_ACTIVE_COMPILATION_CONDITIONS = DEBUG;
				SWIFT_OPTIMIZATION_LEVEL = "-Onone";
			};
			name = Debug;
		};
		420DDA632322679B00E5BA38 /* Release */ = {
			isa = XCBuildConfiguration;
			buildSettings = {
				ALWAYS_SEARCH_USER_PATHS = NO;
				CLANG_ANALYZER_NONNULL = YES;
				CLANG_ANALYZER_NUMBER_OBJECT_CONVERSION = YES_AGGRESSIVE;
				CLANG_CXX_LANGUAGE_STANDARD = "gnu++14";
				CLANG_CXX_LIBRARY = "libc++";
				CLANG_ENABLE_MODULES = YES;
				CLANG_ENABLE_OBJC_ARC = YES;
				CLANG_ENABLE_OBJC_WEAK = YES;
				CLANG_WARN_BLOCK_CAPTURE_AUTORELEASING = YES;
				CLANG_WARN_BOOL_CONVERSION = YES;
				CLANG_WARN_COMMA = YES;
				CLANG_WARN_CONSTANT_CONVERSION = YES;
				CLANG_WARN_DEPRECATED_OBJC_IMPLEMENTATIONS = YES;
				CLANG_WARN_DIRECT_OBJC_ISA_USAGE = YES_ERROR;
				CLANG_WARN_DOCUMENTATION_COMMENTS = YES;
				CLANG_WARN_EMPTY_BODY = YES;
				CLANG_WARN_ENUM_CONVERSION = YES;
				CLANG_WARN_INFINITE_RECURSION = YES;
				CLANG_WARN_INT_CONVERSION = YES;
				CLANG_WARN_NON_LITERAL_NULL_CONVERSION = YES;
				CLANG_WARN_OBJC_IMPLICIT_RETAIN_SELF = YES;
				CLANG_WARN_OBJC_LITERAL_CONVERSION = YES;
				CLANG_WARN_OBJC_ROOT_CLASS = YES_ERROR;
				CLANG_WARN_RANGE_LOOP_ANALYSIS = YES;
				CLANG_WARN_STRICT_PROTOTYPES = YES;
				CLANG_WARN_SUSPICIOUS_MOVE = YES;
				CLANG_WARN_UNGUARDED_AVAILABILITY = YES_AGGRESSIVE;
				CLANG_WARN_UNREACHABLE_CODE = YES;
				CLANG_WARN__DUPLICATE_METHOD_MATCH = YES;
				CODE_SIGN_IDENTITY = "iPhone Developer";
				COPY_PHASE_STRIP = NO;
				DEBUG_INFORMATION_FORMAT = "dwarf-with-dsym";
				ENABLE_NS_ASSERTIONS = NO;
				ENABLE_STRICT_OBJC_MSGSEND = YES;
				GCC_C_LANGUAGE_STANDARD = gnu11;
				GCC_NO_COMMON_BLOCKS = YES;
				GCC_WARN_64_TO_32_BIT_CONVERSION = YES;
				GCC_WARN_ABOUT_RETURN_TYPE = YES_ERROR;
				GCC_WARN_UNDECLARED_SELECTOR = YES;
				GCC_WARN_UNINITIALIZED_AUTOS = YES_AGGRESSIVE;
				GCC_WARN_UNUSED_FUNCTION = YES;
				GCC_WARN_UNUSED_VARIABLE = YES;
				IPHONEOS_DEPLOYMENT_TARGET = 12.2;
				MTL_ENABLE_DEBUG_INFO = NO;
				MTL_FAST_MATH = YES;
				SDKROOT = iphoneos;
				SWIFT_COMPILATION_MODE = wholemodule;
				SWIFT_OPTIMIZATION_LEVEL = "-O";
				VALIDATE_PRODUCT = YES;
			};
			name = Release;
		};
		420DDA652322679B00E5BA38 /* Debug */ = {
			isa = XCBuildConfiguration;
			baseConfigurationReference = 8AF5F74EC47D921650E501C4 /* Pods-cellWithButton.debug.xcconfig */;
			buildSettings = {
				ASSETCATALOG_COMPILER_APPICON_NAME = AppIcon;
				CODE_SIGN_STYLE = Automatic;
				DEVELOPMENT_TEAM = 994GFWQQL3;
				INFOPLIST_FILE = cellWithButton/Info.plist;
				IPHONEOS_DEPLOYMENT_TARGET = 11.3;
				LD_RUNPATH_SEARCH_PATHS = (
					"$(inherited)",
					"@executable_path/Frameworks",
				);
				PRODUCT_BUNDLE_IDENTIFIER = www.cellWithButton.wong;
				PRODUCT_NAME = "iOS Demo";
				SWIFT_VERSION = 4.2;
				TARGETED_DEVICE_FAMILY = "1,2";
			};
			name = Debug;
		};
		420DDA662322679B00E5BA38 /* Release */ = {
			isa = XCBuildConfiguration;
			baseConfigurationReference = 8E728D00A4FB7A402C961D34 /* Pods-cellWithButton.release.xcconfig */;
			buildSettings = {
				ASSETCATALOG_COMPILER_APPICON_NAME = AppIcon;
				CODE_SIGN_STYLE = Automatic;
				DEVELOPMENT_TEAM = 994GFWQQL3;
				INFOPLIST_FILE = cellWithButton/Info.plist;
				IPHONEOS_DEPLOYMENT_TARGET = 11.3;
				LD_RUNPATH_SEARCH_PATHS = (
					"$(inherited)",
					"@executable_path/Frameworks",
				);
				PRODUCT_BUNDLE_IDENTIFIER = www.cellWithButton.wong;
				PRODUCT_NAME = "iOS Demo";
				SWIFT_VERSION = 4.2;
				TARGETED_DEVICE_FAMILY = "1,2";
			};
			name = Release;
		};
/* End XCBuildConfiguration section */

/* Begin XCConfigurationList section */
		420DDA4D2322679900E5BA38 /* Build configuration list for PBXProject "cellWithButton" */ = {
			isa = XCConfigurationList;
			buildConfigurations = (
				420DDA622322679B00E5BA38 /* Debug */,
				420DDA632322679B00E5BA38 /* Release */,
			);
			defaultConfigurationIsVisible = 0;
			defaultConfigurationName = Release;
		};
		420DDA642322679B00E5BA38 /* Build configuration list for PBXNativeTarget "cellWithButton" */ = {
			isa = XCConfigurationList;
			buildConfigurations = (
				420DDA652322679B00E5BA38 /* Debug */,
				420DDA662322679B00E5BA38 /* Release */,
			);
			defaultConfigurationIsVisible = 0;
			defaultConfigurationName = Release;
		};
/* End XCConfigurationList section */
	};
	rootObject = 420DDA4A2322679900E5BA38 /* Project object */;
}
